github.com/google/uuid v1.1.1 h1:Gkbcsh/GbpXz7lPftLA3P6TYMwjCLYm83jiFQZF/3gY=
github.com/google/uuid v1.1.1/go.mod h1:TIyPZe4MgqvfeYDBFedMoGGpEw/LqOeaOT+nhxU+yHo=
github.com/tucats/gopackages v0.0.0-20200428151102-d5ddd0343cbf h1:zDTUryoO93Llt+hwr1A6gta3VA7CQA1Xeni115sN6dY=
github.com/tucats/gopackages v0.0.0-20200501135905-6c332e10cf9d h1:sPWiXjgIdUmqJ+W1C8C3NAqtMvvrzJeuHwTaV3FH32Q=
github.com/tucats/gopackages/app-cli v0.0.0-20200428151102-d5ddd0343cbf h1:iLRUyHzgwEoKHkvMEgSSoNSQqPH3mQYGbBJ7gJ4t6DI=
github.com/tucats/gopackages/app-cli v0.0.0-20200428151102-d5ddd0343cbf/go.mod h1:BBAamaLixBeIYcTBt0tUciq56MLXQlnFFsjcuH27yEk=
github.com/tucats/gopackages/app-cli v0.0.0-20200430180823-ee98893cdcbb h1:q6SgWXBVR4EPn3I+8sdCwY8OnGJmZLkgSkMNhR8QK7Y=
