github.com/google/uuid v1.1.1 h1:Gkbcsh/GbpXz7lPftLA3P6TYMwjCLYm83jiFQZF/3gY=
github.com/google/uuid v1.1.1/go.mod h1:TIyPZe4MgqvfeYDBFedMoGGpEw/LqOeaOT+nhxU+yHo=
github.com/tucats/gopackages v0.0.0-20200501181310-4496a1aa1a52 h1:cZvVKljTh+j/ltyFrdlw2U2PT+F/1pd9juiQ3by8EQw=
github.com/tucats/gopackages/app-cli v0.0.0-20200501181310-4496a1aa1a52 h1:iWE9c9mAb9/VoGnD4TeJPXoIqIpPfYXVoAMdwSvLd5o=
github.com/tucats/gopackages/app-cli v0.0.0-20200501181310-4496a1aa1a52/go.mod h1:BBAamaLixBeIYcTBt0tUciq56MLXQlnFFsjcuH27yEk=
